{
  "name": "example",
  "version": "1.0.0",
  "lockfileVersion": 3,
  "requires": true,
  "packages": {
    "": {
      "name": "example",
      "version": "1.0.0",
      "license": "MIT",
      "dependencies": {
        "example": "file:"
      }
    },
    "node_modules/example": {
      "version": "1.0.0",
      "resolved": "file:",
      "license": "MIT",
      "dependencies": {
        "example": "file:"
      }
    }
  }
}
